
Microsoft Visual Studio Solution File, Format Version 12.00
# Visual Studio Version 17
VisualStudioVersion = 17.5.33424.131
MinimumVisualStudioVersion = 10.0.40219.1
Project("{FAE04EC0-301F-11D3-BF4B-00C04F79EFBC}") = "AirTeKConsoleApp", "AirTeKConsoleApp\AirTeKConsoleApp.csproj", "{C10218E9-75F9-4366-A512-E7B06A4410FA}"
EndProject
Global
	GlobalSection(SolutionConfigurationPlatforms) = preSolution
		Debug|Any CPU = Debug|Any CPU
		Release|Any CPU = Release|Any CPU
	EndGlobalSection
	GlobalSection(ProjectConfigurationPlatforms) = postSolution
		{C10218E9-75F9-4366-A512-E7B06A4410FA}.Debug|Any CPU.ActiveCfg = Debug|Any CPU
		{C10218E9-75F9-4366-A512-E7B06A4410FA}.Debug|Any CPU.Build.0 = Debug|Any CPU
		{C10218E9-75F9-4366-A512-E7B06A4410FA}.Release|Any CPU.ActiveCfg = Release|Any CPU
		{C10218E9-75F9-4366-A512-E7B06A4410FA}.Release|Any CPU.Build.0 = Release|Any CPU
	EndGlobalSection
	GlobalSection(SolutionProperties) = preSolution
		HideSolutionNode = FALSE
	EndGlobalSection
	GlobalSection(ExtensibilityGlobals) = postSolution
		SolutionGuid = {E535669F-0BD3-4905-9B87-EE3E6B2C7DEA}
	EndGlobalSection
EndGlobal
